
Microsoft Visual Studio Solution File, Format Version 12.00
# Visual Studio 15
VisualStudioVersion = 15.0.28010.2016
MinimumVisualStudioVersion = 10.0.40219.1
Project("{FAE04EC0-301F-11D3-BF4B-00C04F79EFBC}") = "Twitter_Clone", "Twitter_Clone\Twitter_Clone.csproj", "{631103FB-0968-4BAD-8E80-C90712AFECEC}"
EndProject
Global
	GlobalSection(SolutionConfigurationPlatforms) = preSolution
		Debug|Any CPU = Debug|Any CPU
		Release|Any CPU = Release|Any CPU
	EndGlobalSection
	GlobalSection(ProjectConfigurationPlatforms) = postSolution
		{631103FB-0968-4BAD-8E80-C90712AFECEC}.Debug|Any CPU.ActiveCfg = Debug|Any CPU
		{631103FB-0968-4BAD-8E80-C90712AFECEC}.Debug|Any CPU.Build.0 = Debug|Any CPU
		{631103FB-0968-4BAD-8E80-C90712AFECEC}.Release|Any CPU.ActiveCfg = Release|Any CPU
		{631103FB-0968-4BAD-8E80-C90712AFECEC}.Release|Any CPU.Build.0 = Release|Any CPU
	EndGlobalSection
	GlobalSection(SolutionProperties) = preSolution
		HideSolutionNode = FALSE
	EndGlobalSection
	GlobalSection(ExtensibilityGlobals) = postSolution
		SolutionGuid = {F77FC23C-8E9F-4531-96A5-7725B973F5DA}
	EndGlobalSection
EndGlobal
